{
  "version": 4,
  "terraform_version": "1.9.8",
  "serial": 1,
  "lineage": "21f5f30f-08e4-a4f3-0ee0-144797d11738",
  "outputs": {},
  "resources": [
    {
      "mode": "managed",
      "type": "local_file",
      "name": "My_File",
      "provider": "provider[\"registry.terraform.io/hashicorp/local\"]",
      "instances": [
        {
          "schema_version": 0,
          "attributes": {
            "content": "This is terraform file ",
            "content_base64": null,
            "content_base64sha256": "gbaMA7Na8sNcurQF6z3uUxQ+sm+XIbAqJceku/0ld/4=",
            "content_base64sha512": "seWG9wLwy1x713WiWE2Fin+6/0QKeL2eHzllklMulE1ZbcStUTaIzOfRQr0+50AI6+6r5Nxl3zNDxKsz4KTABA==",
            "content_md5": "e65f26dbc97a72dfd73e30d6aa8415f5",
            "content_sha1": "42e2bfe2cecee19b610c351e09de1a2cbfffd8f3",
            "content_sha256": "81b68c03b35af2c35cbab405eb3dee53143eb26f9721b02a25c7a4bbfd2577fe",
            "content_sha512": "b1e586f702f0cb5c7bd775a2584d858a7fbaff440a78bd9e1f396592532e944d596dc4ad513688cce7d142bd3ee74008ebeeabe4dc65df3343c4ab33e0a4c004",
            "directory_permission": "0777",
            "file_permission": "0777",
            "filename": "automate.txt",
            "id": "42e2bfe2cecee19b610c351e09de1a2cbfffd8f3",
            "sensitive_content": null,
            "source": null
          },
          "sensitive_attributes": [
            [
              {
                "type": "get_attr",
                "value": "sensitive_content"
              }
            ]
          ]
        }
      ]
    }
  ],
  "check_results": null
}
